
Microsoft Visual Studio Solution File, Format Version 11.00
# Visual Studio 2010
Project("{FAE04EC0-301F-11D3-BF4B-00C04F79EFBC}") = "FluentLucene", "FluentLucene\FluentLucene.csproj", "{F358461A-396A-46FC-AA20-463BB3089B60}"
EndProject
Project("{FAE04EC0-301F-11D3-BF4B-00C04F79EFBC}") = "FluentLucene.Tests", "FluentLucene.Tests\FluentLucene.Tests.csproj", "{A569B14E-34E9-4758-A288-2D1F01132229}"
EndProject
Global
	GlobalSection(SolutionConfigurationPlatforms) = preSolution
		Debug|Any CPU = Debug|Any CPU
		Release|Any CPU = Release|Any CPU
	EndGlobalSection
	GlobalSection(ProjectConfigurationPlatforms) = postSolution
		{F358461A-396A-46FC-AA20-463BB3089B60}.Debug|Any CPU.ActiveCfg = Debug|Any CPU
		{F358461A-396A-46FC-AA20-463BB3089B60}.Debug|Any CPU.Build.0 = Debug|Any CPU
		{F358461A-396A-46FC-AA20-463BB3089B60}.Release|Any CPU.ActiveCfg = Release|Any CPU
		{F358461A-396A-46FC-AA20-463BB3089B60}.Release|Any CPU.Build.0 = Release|Any CPU
		{A569B14E-34E9-4758-A288-2D1F01132229}.Debug|Any CPU.ActiveCfg = Debug|Any CPU
		{A569B14E-34E9-4758-A288-2D1F01132229}.Debug|Any CPU.Build.0 = Debug|Any CPU
		{A569B14E-34E9-4758-A288-2D1F01132229}.Release|Any CPU.ActiveCfg = Release|Any CPU
		{A569B14E-34E9-4758-A288-2D1F01132229}.Release|Any CPU.Build.0 = Release|Any CPU
	EndGlobalSection
	GlobalSection(SolutionProperties) = preSolution
		HideSolutionNode = FALSE
	EndGlobalSection
EndGlobal
